<?xml version="1.0" encoding="utf-8"?>
<Project ToolsVersion="4.0" xmlns="http://schemas.microsoft.com/developer/msbuild/2003">
  <ItemGroup>
    <Filter Include="Source Files">
      <UniqueIdentifier>{4FC737F1-C7A5-4376-A066-2A32D752A2FF}</UniqueIdentifier>
      <Extensions>cpp;c;cc;cxx;c++;cppm;ixx;def;odl;idl;hpj;bat;asm;asmx</Extensions>
    </Filter>
    <Filter Include="Header Files">
      <UniqueIdentifier>{93995380-89BD-4b04-88EB-625FBE52EBFB}</UniqueIdentifier>
      <Extensions>h;hh;hpp;hxx;h++;hm;inl;inc;ipp;xsd</Extensions>
    </Filter>
    <Filter Include="Resource Files">
      <UniqueIdentifier>{67DA6AB6-F800-4c08-8B7A-83BB121AAD01}</UniqueIdentifier>
      <Extensions>rc;ico;cur;bmp;dlg;rc2;rct;bin;rgs;gif;jpg;jpeg;jpe;resx;tiff;tif;png;wav;mfcribbon-ms</Extensions>
    </Filter>
    <Filter Include="repo_files">
      <UniqueIdentifier>{f8f905c8-8fc4-44b7-a3b4-3f029828786d}</UniqueIdentifier>
    </Filter>
    <Filter Include="repo_files\.github">
      <UniqueIdentifier>{c777c304-b4de-464e-bb98-d823bbbfe530}</UniqueIdentifier>
    </Filter>
    <Filter Include="repo_files\.github\workflows">
      <UniqueIdentifier>{7c7d1bc0-984b-4cab-bdb8-fbc3fb3f1465}</UniqueIdentifier>
    </Filter>
    <Filter Include="repo_files\prj">
      <UniqueIdentifier>{70266321-bcc6-43aa-ab4c-db72f5fb4204}</UniqueIdentifier>
    </Filter>
    <Filter Include="repo_files\prj\common">
      <UniqueIdentifier>{b943d6d5-4d69-417c-aacc-2d5492016d0e}</UniqueIdentifier>
    </Filter>
    <Filter Include="repo_files\prj\common\common_mkfl">
      <UniqueIdentifier>{f2772842-7dd2-4b49-90dc-fadbf1737917}</UniqueIdentifier>
    </Filter>
    <Filter Include="repo_files\scripts">
      <UniqueIdentifier>{8babd6d7-c04f-4cb2-afac-8293ac08fc80}</UniqueIdentifier>
    </Filter>
    <Filter Include="repo_files\docs">
      <UniqueIdentifier>{9fa14a18-b921-481a-a53f-3bbe146fe9ab}</UniqueIdentifier>
    </Filter>
    <Filter Include="repo_files\prj\common\common_qt">
      <UniqueIdentifier>{7d4162ef-7c45-4b6c-b1bf-b29c36841cd8}</UniqueIdentifier>
    </Filter>
    <Filter Include="files">
      <UniqueIdentifier>{a2a92604-af95-4fca-989a-e2ef78058f41}</UniqueIdentifier>
    </Filter>
    <Filter Include="repo_files\prj\common\common_mkfl\raw">
      <UniqueIdentifier>{b5a79246-ab9b-451c-9cc9-0208dfcf0c5a}</UniqueIdentifier>
    </Filter>
  </ItemGroup>
  <ItemGroup>
    <None Include="..\..\.github\workflows\test_pull_to_master.yml">
      <Filter>repo_files\.github\workflows</Filter>
    </None>
    <None Include="..\..\docs\questions.md">
      <Filter>repo_files\docs</Filter>
    </None>
    <None Include="..\..\.gitattributes">
      <Filter>repo_files</Filter>
    </None>
    <None Include="..\..\.gitignore">
      <Filter>repo_files</Filter>
    </None>
    <None Include="..\..\.gitmodules">
      <Filter>repo_files</Filter>
    </None>
    <None Include="..\..\LICENSE">
      <Filter>repo_files</Filter>
    </None>
    <None Include="..\..\README.md">
      <Filter>repo_files</Filter>
    </None>
    <None Include="..\..\prj\common\common_qt\flagsandsys_common.pri">
      <Filter>repo_files\prj\common\common_qt</Filter>
    </None>
    <None Include="..\..\prj\common\common_qt\flagsandsys_common_private.pri">
      <Filter>repo_files\prj\common\common_qt</Filter>
    </None>
    <None Include="..\..\prj\common\common_mkfl\flagsandsys_common.unix.Makefile">
      <Filter>repo_files\prj\common\common_mkfl</Filter>
    </None>
    <None Include="..\..\prj\common\common_mkfl\flagsandsys_common.windows.Makefile">
      <Filter>repo_files\prj\common\common_mkfl</Filter>
    </None>
    <None Include="..\..\prj\common\common_mkfl\flagsandsys_common_private.unix.Makefile">
      <Filter>repo_files\prj\common\common_mkfl</Filter>
    </None>
    <None Include="..\..\prj\common\common_mkfl\flagsandsys_common_private.windows.Makefile">
      <Filter>repo_files\prj\common\common_mkfl</Filter>
    </None>
    <None Include="..\..\scripts\unix_build_all.sh">
      <Filter>repo_files\scripts</Filter>
    </None>
    <None Include="..\..\scripts\unix_prepare_host.sh">
      <Filter>repo_files\scripts</Filter>
    </None>
    <None Include="..\..\scripts\unix_prepare_repository.sh">
      <Filter>repo_files\scripts</Filter>
    </None>
    <None Include="..\..\scripts\unix_run_tests.sh">
      <Filter>repo_files\scripts</Filter>
    </None>
    <None Include="..\..\scripts\windows_build_all.bat">
      <Filter>repo_files\scripts</Filter>
    </None>
    <None Include="..\..\scripts\windows_prepare_host.bat">
      <Filter>repo_files\scripts</Filter>
    </None>
    <None Include="..\..\scripts\windows_prepare_repository.bat">
      <Filter>repo_files\scripts</Filter>
    </None>
    <None Include="..\..\scripts\windows_run_tests.bat">
      <Filter>repo_files\scripts</Filter>
    </None>
    <None Include="..\..\scripts\windows_set_vs_toolset_and_run.bat">
      <Filter>repo_files\scripts</Filter>
    </None>
    <None Include="..\cpputils_all_mkfl\cpputils_all.unix.Makefile">
      <Filter>files</Filter>
    </None>
    <None Include="..\cpputils_all_qt\cpputils_all.pro">
      <Filter>files</Filter>
    </None>
    <None Include="..\..\prj\common\common_mkfl\raw\flagsandsys_common_private_raw.unix.Makefile">
      <Filter>repo_files\prj\common\common_mkfl\raw</Filter>
    </None>
    <None Include="..\..\prj\common\common_mkfl\raw\flagsandsys_common_private_raw.windows.Makefile">
      <Filter>repo_files\prj\common\common_mkfl\raw</Filter>
    </None>
    <None Include="..\..\prj\common\common_mkfl\raw\flagsandsys_common_raw.unix.Makefile">
      <Filter>repo_files\prj\common\common_mkfl\raw</Filter>
    </None>
    <None Include="..\..\prj\common\common_mkfl\raw\flagsandsys_common_raw.windows.Makefile">
      <Filter>repo_files\prj\common\common_mkfl\raw</Filter>
    </None>
    <None Include="..\..\scripts\unix_source_per_session.sh">
      <Filter>repo_files\scripts</Filter>
    </None>
    <None Include="..\..\scripts\windows_source_per_session.bat">
      <Filter>repo_files\scripts</Filter>
    </None>
  </ItemGroup>
  <ItemGroup>
    <Text Include="..\..\CMakeLists.txt">
      <Filter>repo_files</Filter>
    </Text>
  </ItemGroup>
  <ItemGroup>
    <ClCompile Include="..\..\src\utils\entry_cpputils_all.cpp">
      <Filter>Source Files</Filter>
    </ClCompile>
  </ItemGroup>
</Project>